// !$*UTF8*$!
{
	archiveVersion = 1;
	classes = {
	};
	objectVersion = 56;
	objects = {

/* Begin PBXBuildFile section */
		AA5B2CB52BACDDA400D73C74 /* SimpleCompoApp.swift in Sources */ = {isa = PBXBuildFile; fileRef = AA5B2CB42BACDDA400D73C74 /* SimpleCompoApp.swift */; };
		AA5B2CB72BACDDA400D73C74 /* ContentView.swift in Sources */ = {isa = PBXBuildFile; fileRef = AA5B2CB62BACDDA400D73C74 /* ContentView.swift */; };
		AA5B2CB92BACDDA700D73C74 /* Assets.xcassets in Resources */ = {isa = PBXBuildFile; fileRef = AA5B2CB82BACDDA700D73C74 /* Assets.xcassets */; };
		AA5B2CBC2BACDDA700D73C74 /* Preview Assets.xcassets in Resources */ = {isa = PBXBuildFile; fileRef = AA5B2CBB2BACDDA700D73C74 /* Preview Assets.xcassets */; };
		AA5B2CC72BACDDA700D73C74 /* SimpleCompoTests.swift in Sources */ = {isa = PBXBuildFile; fileRef = AA5B2CC62BACDDA700D73C74 /* SimpleCompoTests.swift */; };
		AA5B2CD12BACDDA700D73C74 /* SimpleCompoUITests.swift in Sources */ = {isa = PBXBuildFile; fileRef = AA5B2CD02BACDDA700D73C74 /* SimpleCompoUITests.swift */; };
		AA5B2CD32BACDDA700D73C74 /* SimpleCompoUITestsLaunchTests.swift in Sources */ = {isa = PBXBuildFile; fileRef = AA5B2CD22BACDDA700D73C74 /* SimpleCompoUITestsLaunchTests.swift */; };
/* End PBXBuildFile section */

/* Begin PBXContainerItemProxy section */
		AA5B2CC32BACDDA700D73C74 /* PBXContainerItemProxy */ = {
			isa = PBXContainerItemProxy;
			containerPortal = AA5B2CA92BACDDA400D73C74 /* Project object */;
			proxyType = 1;
			remoteGlobalIDString = AA5B2CB02BACDDA400D73C74;
			remoteInfo = SimpleCompo;
		};
		AA5B2CCD2BACDDA700D73C74 /* PBXContainerItemProxy */ = {
			isa = PBXContainerItemProxy;
			containerPortal = AA5B2CA92BACDDA400D73C74 /* Project object */;
			proxyType = 1;
			remoteGlobalIDString = AA5B2CB02BACDDA400D73C74;
			remoteInfo = SimpleCompo;
		};
/* End PBXContainerItemProxy section */

/* Begin PBXFileReference section */
		AA5B2CB12BACDDA400D73C74 /* SimpleCompo.app */ = {isa = PBXFileReference; explicitFileType = wrapper.application; includeInIndex = 0; path = SimpleCompo.app; sourceTree = BUILT_PRODUCTS_DIR; };
		AA5B2CB42BACDDA400D73C74 /* SimpleCompoApp.swift */ = {isa = PBXFileReference; lastKnownFileType = sourcecode.swift; path = SimpleCompoApp.swift; sourceTree = "<group>"; };
		AA5B2CB62BACDDA400D73C74 /* ContentView.swift */ = {isa = PBXFileReference; lastKnownFileType = sourcecode.swift; path = ContentView.swift; sourceTree = "<group>"; };
		AA5B2CB82BACDDA700D73C74 /* Assets.xcassets */ = {isa = PBXFileReference; lastKnownFileType = folder.assetcatalog; path = Assets.xcassets; sourceTree = "<group>"; };
		AA5B2CBB2BACDDA700D73C74 /* Preview Assets.xcassets */ = {isa = PBXFileReference; lastKnownFileType = folder.assetcatalog; path = "Preview Assets.xcassets"; sourceTree = "<group>"; };
		AA5B2CBD2BACDDA700D73C74 /* SimpleCompo.entitlements */ = {isa = PBXFileReference; lastKnownFileType = text.plist.entitlements; path = SimpleCompo.entitlements; sourceTree = "<group>"; };
		AA5B2CC22BACDDA700D73C74 /* SimpleCompoTests.xctest */ = {isa = PBXFileReference; explicitFileType = wrapper.cfbundle; includeInIndex = 0; path = SimpleCompoTests.xctest; sourceTree = BUILT_PRODUCTS_DIR; };
		AA5B2CC62BACDDA700D73C74 /* SimpleCompoTests.swift */ = {isa = PBXFileReference; lastKnownFileType = sourcecode.swift; path = SimpleCompoTests.swift; sourceTree = "<group>"; };
		AA5B2CCC2BACDDA700D73C74 /* SimpleCompoUITests.xctest */ = {isa = PBXFileReference; explicitFileType = wrapper.cfbundle; includeInIndex = 0; path = SimpleCompoUITests.xctest; sourceTree = BUILT_PRODUCTS_DIR; };
		AA5B2CD02BACDDA700D73C74 /* SimpleCompoUITests.swift */ = {isa = PBXFileReference; lastKnownFileType = sourcecode.swift; path = SimpleCompoUITests.swift; sourceTree = "<group>"; };
		AA5B2CD22BACDDA700D73C74 /* SimpleCompoUITestsLaunchTests.swift */ = {isa = PBXFileReference; lastKnownFileType = sourcecode.swift; path = SimpleCompoUITestsLaunchTests.swift; sourceTree = "<group>"; };
/* End PBXFileReference section */

/* Begin PBXFrameworksBuildPhase section */
		AA5B2CAE2BACDDA400D73C74 /* Frameworks */ = {
			isa = PBXFrameworksBuildPhase;
			buildActionMask = 2147483647;
			files = (
			);
			runOnlyForDeploymentPostprocessing = 0;
		};
		AA5B2CBF2BACDDA700D73C74 /* Frameworks */ = {
			isa = PBXFrameworksBuildPhase;
			buildActionMask = 2147483647;
			files = (
			);
			runOnlyForDeploymentPostprocessing = 0;
		};
		AA5B2CC92BACDDA700D73C74 /* Frameworks */ = {
			isa = PBXFrameworksBuildPhase;
			buildActionMask = 2147483647;
			files = (
			);
			runOnlyForDeploymentPostprocessing = 0;
		};
/* End PBXFrameworksBuildPhase section */

/* Begin PBXGroup section */
		AA5B2CA82BACDDA400D73C74 = {
			isa = PBXGroup;
			children = (
				AA5B2CB32BACDDA400D73C74 /* SimpleCompo */,
				AA5B2CC52BACDDA700D73C74 /* SimpleCompoTests */,
				AA5B2CCF2BACDDA700D73C74 /* SimpleCompoUITests */,
				AA5B2CB22BACDDA400D73C74 /* Products */,
			);
			sourceTree = "<group>";
		};
		AA5B2CB22BACDDA400D73C74 /* Products */ = {
			isa = PBXGroup;
			children = (
				AA5B2CB12BACDDA400D73C74 /* SimpleCompo.app */,
				AA5B2CC22BACDDA700D73C74 /* SimpleCompoTests.xctest */,
				AA5B2CCC2BACDDA700D73C74 /* SimpleCompoUITests.xctest */,
			);
			name = Products;
			sourceTree = "<group>";
		};
		AA5B2CB32BACDDA400D73C74 /* SimpleCompo */ = {
			isa = PBXGroup;
			children = (
				AA5B2CB42BACDDA400D73C74 /* SimpleCompoApp.swift */,
				AA5B2CB62BACDDA400D73C74 /* ContentView.swift */,
				AA5B2CB82BACDDA700D73C74 /* Assets.xcassets */,
				AA5B2CBD2BACDDA700D73C74 /* SimpleCompo.entitlements */,
				AA5B2CBA2BACDDA700D73C74 /* Preview Content */,
			);
			path = SimpleCompo;
			sourceTree = "<group>";
		};
		AA5B2CBA2BACDDA700D73C74 /* Preview Content */ = {
			isa = PBXGroup;
			children = (
				AA5B2CBB2BACDDA700D73C74 /* Preview Assets.xcassets */,
			);
			path = "Preview Content";
			sourceTree = "<group>";
		};
		AA5B2CC52BACDDA700D73C74 /* SimpleCompoTests */ = {
			isa = PBXGroup;
			children = (
				AA5B2CC62BACDDA700D73C74 /* SimpleCompoTests.swift */,
			);
			path = SimpleCompoTests;
			sourceTree = "<group>";
		};
		AA5B2CCF2BACDDA700D73C74 /* SimpleCompoUITests */ = {
			isa = PBXGroup;
			children = (
				AA5B2CD02BACDDA700D73C74 /* SimpleCompoUITests.swift */,
				AA5B2CD22BACDDA700D73C74 /* SimpleCompoUITestsLaunchTests.swift */,
			);
			path = SimpleCompoUITests;
			sourceTree = "<group>";
		};
/* End PBXGroup section */

/* Begin PBXNativeTarget section */
		AA5B2CB02BACDDA400D73C74 /* SimpleCompo */ = {
			isa = PBXNativeTarget;
			buildConfigurationList = AA5B2CD62BACDDA700D73C74 /* Build configuration list for PBXNativeTarget "SimpleCompo" */;
			buildPhases = (
				AA5B2CAD2BACDDA400D73C74 /* Sources */,
				AA5B2CAE2BACDDA400D73C74 /* Frameworks */,
				AA5B2CAF2BACDDA400D73C74 /* Resources */,
			);
			buildRules = (
			);
			dependencies = (
			);
			name = SimpleCompo;
			productName = SimpleCompo;
			productReference = AA5B2CB12BACDDA400D73C74 /* SimpleCompo.app */;
			productType = "com.apple.product-type.application";
		};
		AA5B2CC12BACDDA700D73C74 /* SimpleCompoTests */ = {
			isa = PBXNativeTarget;
			buildConfigurationList = AA5B2CD92BACDDA700D73C74 /* Build configuration list for PBXNativeTarget "SimpleCompoTests" */;
			buildPhases = (
				AA5B2CBE2BACDDA700D73C74 /* Sources */,
				AA5B2CBF2BACDDA700D73C74 /* Frameworks */,
				AA5B2CC02BACDDA700D73C74 /* Resources */,
			);
			buildRules = (
			);
			dependencies = (
				AA5B2CC42BACDDA700D73C74 /* PBXTargetDependency */,
			);
			name = SimpleCompoTests;
			productName = SimpleCompoTests;
			productReference = AA5B2CC22BACDDA700D73C74 /* SimpleCompoTests.xctest */;
			productType = "com.apple.product-type.bundle.unit-test";
		};
		AA5B2CCB2BACDDA700D73C74 /* SimpleCompoUITests */ = {
			isa = PBXNativeTarget;
			buildConfigurationList = AA5B2CDC2BACDDA700D73C74 /* Build configuration list for PBXNativeTarget "SimpleCompoUITests" */;
			buildPhases = (
				AA5B2CC82BACDDA700D73C74 /* Sources */,
				AA5B2CC92BACDDA700D73C74 /* Frameworks */,
				AA5B2CCA2BACDDA700D73C74 /* Resources */,
			);
			buildRules = (
			);
			dependencies = (
				AA5B2CCE2BACDDA700D73C74 /* PBXTargetDependency */,
			);
			name = SimpleCompoUITests;
			productName = SimpleCompoUITests;
			productReference = AA5B2CCC2BACDDA700D73C74 /* SimpleCompoUITests.xctest */;
			productType = "com.apple.product-type.bundle.ui-testing";
		};
/* End PBXNativeTarget section */

/* Begin PBXProject section */
		AA5B2CA92BACDDA400D73C74 /* Project object */ = {
			isa = PBXProject;
			attributes = {
				BuildIndependentTargetsInParallel = 1;
				LastSwiftUpdateCheck = 1530;
				LastUpgradeCheck = 1530;
				TargetAttributes = {
					AA5B2CB02BACDDA400D73C74 = {
						CreatedOnToolsVersion = 15.3;
					};
					AA5B2CC12BACDDA700D73C74 = {
						CreatedOnToolsVersion = 15.3;
						TestTargetID = AA5B2CB02BACDDA400D73C74;
					};
					AA5B2CCB2BACDDA700D73C74 = {
						CreatedOnToolsVersion = 15.3;
						TestTargetID = AA5B2CB02BACDDA400D73C74;
					};
				};
			};
			buildConfigurationList = AA5B2CAC2BACDDA400D73C74 /* Build configuration list for PBXProject "SimpleCompo" */;
			compatibilityVersion = "Xcode 14.0";
			developmentRegion = en;
			hasScannedForEncodings = 0;
			knownRegions = (
				en,
				Base,
			);
			mainGroup = AA5B2CA82BACDDA400D73C74;
			productRefGroup = AA5B2CB22BACDDA400D73C74 /* Products */;
			projectDirPath = "";
			projectRoot = "";
			targets = (
				AA5B2CB02BACDDA400D73C74 /* SimpleCompo */,
				AA5B2CC12BACDDA700D73C74 /* SimpleCompoTests */,
				AA5B2CCB2BACDDA700D73C74 /* SimpleCompoUITests */,
			);
		};
/* End PBXProject section */

/* Begin PBXResourcesBuildPhase section */
		AA5B2CAF2BACDDA400D73C74 /* Resources */ = {
			isa = PBXResourcesBuildPhase;
			buildActionMask = 2147483647;
			files = (
				AA5B2CBC2BACDDA700D73C74 /* Preview Assets.xcassets in Resources */,
				AA5B2CB92BACDDA700D73C74 /* Assets.xcassets in Resources */,
			);
			runOnlyForDeploymentPostprocessing = 0;
		};
		AA5B2CC02BACDDA700D73C74 /* Resources */ = {
			isa = PBXResourcesBuildPhase;
			buildActionMask = 2147483647;
			files = (
			);
			runOnlyForDeploymentPostprocessing = 0;
		};
		AA5B2CCA2BACDDA700D73C74 /* Resources */ = {
			isa = PBXResourcesBuildPhase;
			buildActionMask = 2147483647;
			files = (
			);
			runOnlyForDeploymentPostprocessing = 0;
		};
/* End PBXResourcesBuildPhase section */

/* Begin PBXSourcesBuildPhase section */
		AA5B2CAD2BACDDA400D73C74 /* Sources */ = {
			isa = PBXSourcesBuildPhase;
			buildActionMask = 2147483647;
			files = (
				AA5B2CB72BACDDA400D73C74 /* ContentView.swift in Sources */,
				AA5B2CB52BACDDA400D73C74 /* SimpleCompoApp.swift in Sources */,
			);
			runOnlyForDeploymentPostprocessing = 0;
		};
		AA5B2CBE2BACDDA700D73C74 /* Sources */ = {
			isa = PBXSourcesBuildPhase;
			buildActionMask = 2147483647;
			files = (
				AA5B2CC72BACDDA700D73C74 /* SimpleCompoTests.swift in Sources */,
			);
			runOnlyForDeploymentPostprocessing = 0;
		};
		AA5B2CC82BACDDA700D73C74 /* Sources */ = {
			isa = PBXSourcesBuildPhase;
			buildActionMask = 2147483647;
			files = (
				AA5B2CD12BACDDA700D73C74 /* SimpleCompoUITests.swift in Sources */,
				AA5B2CD32BACDDA700D73C74 /* SimpleCompoUITestsLaunchTests.swift in Sources */,
			);
			runOnlyForDeploymentPostprocessing = 0;
		};
/* End PBXSourcesBuildPhase section */

/* Begin PBXTargetDependency section */
		AA5B2CC42BACDDA700D73C74 /* PBXTargetDependency */ = {
			isa = PBXTargetDependency;
			target = AA5B2CB02BACDDA400D73C74 /* SimpleCompo */;
			targetProxy = AA5B2CC32BACDDA700D73C74 /* PBXContainerItemProxy */;
		};
		AA5B2CCE2BACDDA700D73C74 /* PBXTargetDependency */ = {
			isa = PBXTargetDependency;
			target = AA5B2CB02BACDDA400D73C74 /* SimpleCompo */;
			targetProxy = AA5B2CCD2BACDDA700D73C74 /* PBXContainerItemProxy */;
		};
/* End PBXTargetDependency section */

/* Begin XCBuildConfiguration section */
		AA5B2CD42BACDDA700D73C74 /* Debug */ = {
			isa = XCBuildConfiguration;
			buildSettings = {
				ALWAYS_SEARCH_USER_PATHS = NO;
				ASSETCATALOG_COMPILER_GENERATE_SWIFT_ASSET_SYMBOL_EXTENSIONS = YES;
				CLANG_ANALYZER_NONNULL = YES;
				CLANG_ANALYZER_NUMBER_OBJECT_CONVERSION = YES_AGGRESSIVE;
				CLANG_CXX_LANGUAGE_STANDARD = "gnu++20";
				CLANG_ENABLE_MODULES = YES;
				CLANG_ENABLE_OBJC_ARC = YES;
				CLANG_ENABLE_OBJC_WEAK = YES;
				CLANG_WARN_BLOCK_CAPTURE_AUTORELEASING = YES;
				CLANG_WARN_BOOL_CONVERSION = YES;
				CLANG_WARN_COMMA = YES;
				CLANG_WARN_CONSTANT_CONVERSION = YES;
				CLANG_WARN_DEPRECATED_OBJC_IMPLEMENTATIONS = YES;
				CLANG_WARN_DIRECT_OBJC_ISA_USAGE = YES_ERROR;
				CLANG_WARN_DOCUMENTATION_COMMENTS = YES;
				CLANG_WARN_EMPTY_BODY = YES;
				CLANG_WARN_ENUM_CONVERSION = YES;
				CLANG_WARN_INFINITE_RECURSION = YES;
				CLANG_WARN_INT_CONVERSION = YES;
				CLANG_WARN_NON_LITERAL_NULL_CONVERSION = YES;
				CLANG_WARN_OBJC_IMPLICIT_RETAIN_SELF = YES;
				CLANG_WARN_OBJC_LITERAL_CONVERSION = YES;
				CLANG_WARN_OBJC_ROOT_CLASS = YES_ERROR;
				CLANG_WARN_QUOTED_INCLUDE_IN_FRAMEWORK_HEADER = YES;
				CLANG_WARN_RANGE_LOOP_ANALYSIS = YES;
				CLANG_WARN_STRICT_PROTOTYPES = YES;
				CLANG_WARN_SUSPICIOUS_MOVE = YES;
				CLANG_WARN_UNGUARDED_AVAILABILITY = YES_AGGRESSIVE;
				CLANG_WARN_UNREACHABLE_CODE = YES;
				CLANG_WARN__DUPLICATE_METHOD_MATCH = YES;
				COPY_PHASE_STRIP = NO;
				DEBUG_INFORMATION_FORMAT = dwarf;
				ENABLE_STRICT_OBJC_MSGSEND = YES;
				ENABLE_TESTABILITY = YES;
				ENABLE_USER_SCRIPT_SANDBOXING = YES;
				GCC_C_LANGUAGE_STANDARD = gnu17;
				GCC_DYNAMIC_NO_PIC = NO;
				GCC_NO_COMMON_BLOCKS = YES;
				GCC_OPTIMIZATION_LEVEL = 0;
				GCC_PREPROCESSOR_DEFINITIONS = (
					"DEBUG=1",
					"$(inherited)",
				);
				GCC_WARN_64_TO_32_BIT_CONVERSION = YES;
				GCC_WARN_ABOUT_RETURN_TYPE = YES_ERROR;
				GCC_WARN_UNDECLARED_SELECTOR = YES;
				GCC_WARN_UNINITIALIZED_AUTOS = YES_AGGRESSIVE;
				GCC_WARN_UNUSED_FUNCTION = YES;
				GCC_WARN_UNUSED_VARIABLE = YES;
				LOCALIZATION_PREFERS_STRING_CATALOGS = YES;
				MACOSX_DEPLOYMENT_TARGET = 14.2;
				MTL_ENABLE_DEBUG_INFO = INCLUDE_SOURCE;
				MTL_FAST_MATH = YES;
				ONLY_ACTIVE_ARCH = YES;
				SDKROOT = macosx;
				SWIFT_ACTIVE_COMPILATION_CONDITIONS = "DEBUG $(inherited)";
				SWIFT_OPTIMIZATION_LEVEL = "-Onone";
			};
			name = Debug;
		};
		AA5B2CD52BACDDA700D73C74 /* Release */ = {
			isa = XCBuildConfiguration;
			buildSettings = {
				ALWAYS_SEARCH_USER_PATHS = NO;
				ASSETCATALOG_COMPILER_GENERATE_SWIFT_ASSET_SYMBOL_EXTENSIONS = YES;
				CLANG_ANALYZER_NONNULL = YES;
				CLANG_ANALYZER_NUMBER_OBJECT_CONVERSION = YES_AGGRESSIVE;
				CLANG_CXX_LANGUAGE_STANDARD = "gnu++20";
				CLANG_ENABLE_MODULES = YES;
				CLANG_ENABLE_OBJC_ARC = YES;
				CLANG_ENABLE_OBJC_WEAK = YES;
				CLANG_WARN_BLOCK_CAPTURE_AUTORELEASING = YES;
				CLANG_WARN_BOOL_CONVERSION = YES;
				CLANG_WARN_COMMA = YES;
				CLANG_WARN_CONSTANT_CONVERSION = YES;
				CLANG_WARN_DEPRECATED_OBJC_IMPLEMENTATIONS = YES;
				CLANG_WARN_DIRECT_OBJC_ISA_USAGE = YES_ERROR;
				CLANG_WARN_DOCUMENTATION_COMMENTS = YES;
				CLANG_WARN_EMPTY_BODY = YES;
				CLANG_WARN_ENUM_CONVERSION = YES;
				CLANG_WARN_INFINITE_RECURSION = YES;
				CLANG_WARN_INT_CONVERSION = YES;
				CLANG_WARN_NON_LITERAL_NULL_CONVERSION = YES;
				CLANG_WARN_OBJC_IMPLICIT_RETAIN_SELF = YES;
				CLANG_WARN_OBJC_LITERAL_CONVERSION = YES;
				CLANG_WARN_OBJC_ROOT_CLASS = YES_ERROR;
				CLANG_WARN_QUOTED_INCLUDE_IN_FRAMEWORK_HEADER = YES;
				CLANG_WARN_RANGE_LOOP_ANALYSIS = YES;
				CLANG_WARN_STRICT_PROTOTYPES = YES;
				CLANG_WARN_SUSPICIOUS_MOVE = YES;
				CLANG_WARN_UNGUARDED_AVAILABILITY = YES_AGGRESSIVE;
				CLANG_WARN_UNREACHABLE_CODE = YES;
				CLANG_WARN__DUPLICATE_METHOD_MATCH = YES;
				COPY_PHASE_STRIP = NO;
				DEBUG_INFORMATION_FORMAT = "dwarf-with-dsym";
				ENABLE_NS_ASSERTIONS = NO;
				ENABLE_STRICT_OBJC_MSGSEND = YES;
				ENABLE_USER_SCRIPT_SANDBOXING = YES;
				GCC_C_LANGUAGE_STANDARD = gnu17;
				GCC_NO_COMMON_BLOCKS = YES;
				GCC_WARN_64_TO_32_BIT_CONVERSION = YES;
				GCC_WARN_ABOUT_RETURN_TYPE = YES_ERROR;
				GCC_WARN_UNDECLARED_SELECTOR = YES;
				GCC_WARN_UNINITIALIZED_AUTOS = YES_AGGRESSIVE;
				GCC_WARN_UNUSED_FUNCTION = YES;
				GCC_WARN_UNUSED_VARIABLE = YES;
				LOCALIZATION_PREFERS_STRING_CATALOGS = YES;
				MACOSX_DEPLOYMENT_TARGET = 14.2;
				MTL_ENABLE_DEBUG_INFO = NO;
				MTL_FAST_MATH = YES;
				SDKROOT = macosx;
				SWIFT_COMPILATION_MODE = wholemodule;
			};
			name = Release;
		};
		AA5B2CD72BACDDA700D73C74 /* Debug */ = {
			isa = XCBuildConfiguration;
			buildSettings = {
				ASSETCATALOG_COMPILER_APPICON_NAME = AppIcon;
				ASSETCATALOG_COMPILER_GLOBAL_ACCENT_COLOR_NAME = AccentColor;
				CODE_SIGN_ENTITLEMENTS = SimpleCompo/SimpleCompo.entitlements;
				CODE_SIGN_STYLE = Automatic;
				COMBINE_HIDPI_IMAGES = YES;
				CURRENT_PROJECT_VERSION = 1;
				DEVELOPMENT_ASSET_PATHS = "\"SimpleCompo/Preview Content\"";
				ENABLE_PREVIEWS = YES;
				GENERATE_INFOPLIST_FILE = YES;
				INFOPLIST_KEY_NSHumanReadableCopyright = "";
				LD_RUNPATH_SEARCH_PATHS = (
					"$(inherited)",
					"@executable_path/../Frameworks",
				);
				MARKETING_VERSION = 1.0;
				PRODUCT_BUNDLE_IDENTIFIER = yes.SimpleCompo;
				PRODUCT_NAME = "$(TARGET_NAME)";
				SWIFT_EMIT_LOC_STRINGS = YES;
				SWIFT_VERSION = 5.0;
			};
			name = Debug;
		};
		AA5B2CD82BACDDA700D73C74 /* Release */ = {
			isa = XCBuildConfiguration;
			buildSettings = {
				ASSETCATALOG_COMPILER_APPICON_NAME = AppIcon;
				ASSETCATALOG_COMPILER_GLOBAL_ACCENT_COLOR_NAME = AccentColor;
				CODE_SIGN_ENTITLEMENTS = SimpleCompo/SimpleCompo.entitlements;
				CODE_SIGN_STYLE = Automatic;
				COMBINE_HIDPI_IMAGES = YES;
				CURRENT_PROJECT_VERSION = 1;
				DEVELOPMENT_ASSET_PATHS = "\"SimpleCompo/Preview Content\"";
				ENABLE_PREVIEWS = YES;
				GENERATE_INFOPLIST_FILE = YES;
				INFOPLIST_KEY_NSHumanReadableCopyright = "";
				LD_RUNPATH_SEARCH_PATHS = (
					"$(inherited)",
					"@executable_path/../Frameworks",
				);
				MARKETING_VERSION = 1.0;
				PRODUCT_BUNDLE_IDENTIFIER = yes.SimpleCompo;
				PRODUCT_NAME = "$(TARGET_NAME)";
				SWIFT_EMIT_LOC_STRINGS = YES;
				SWIFT_VERSION = 5.0;
			};
			name = Release;
		};
		AA5B2CDA2BACDDA700D73C74 /* Debug */ = {
			isa = XCBuildConfiguration;
			buildSettings = {
				ALWAYS_EMBED_SWIFT_STANDARD_LIBRARIES = YES;
				BUNDLE_LOADER = "$(TEST_HOST)";
				CODE_SIGN_STYLE = Automatic;
				CURRENT_PROJECT_VERSION = 1;
				GENERATE_INFOPLIST_FILE = YES;
				MACOSX_DEPLOYMENT_TARGET = 14.2;
				MARKETING_VERSION = 1.0;
				PRODUCT_BUNDLE_IDENTIFIER = yes.SimpleCompoTests;
				PRODUCT_NAME = "$(TARGET_NAME)";
				SWIFT_EMIT_LOC_STRINGS = NO;
				SWIFT_VERSION = 5.0;
				TEST_HOST = "$(BUILT_PRODUCTS_DIR)/SimpleCompo.app/$(BUNDLE_EXECUTABLE_FOLDER_PATH)/SimpleCompo";
			};
			name = Debug;
		};
		AA5B2CDB2BACDDA700D73C74 /* Release */ = {
			isa = XCBuildConfiguration;
			buildSettings = {
				ALWAYS_EMBED_SWIFT_STANDARD_LIBRARIES = YES;
				BUNDLE_LOADER = "$(TEST_HOST)";
				CODE_SIGN_STYLE = Automatic;
				CURRENT_PROJECT_VERSION = 1;
				GENERATE_INFOPLIST_FILE = YES;
				MACOSX_DEPLOYMENT_TARGET = 14.2;
				MARKETING_VERSION = 1.0;
				PRODUCT_BUNDLE_IDENTIFIER = yes.SimpleCompoTests;
				PRODUCT_NAME = "$(TARGET_NAME)";
				SWIFT_EMIT_LOC_STRINGS = NO;
				SWIFT_VERSION = 5.0;
				TEST_HOST = "$(BUILT_PRODUCTS_DIR)/SimpleCompo.app/$(BUNDLE_EXECUTABLE_FOLDER_PATH)/SimpleCompo";
			};
			name = Release;
		};
		AA5B2CDD2BACDDA700D73C74 /* Debug */ = {
			isa = XCBuildConfiguration;
			buildSettings = {
				ALWAYS_EMBED_SWIFT_STANDARD_LIBRARIES = YES;
				CODE_SIGN_STYLE = Automatic;
				CURRENT_PROJECT_VERSION = 1;
				GENERATE_INFOPLIST_FILE = YES;
				MARKETING_VERSION = 1.0;
				PRODUCT_BUNDLE_IDENTIFIER = yes.SimpleCompoUITests;
				PRODUCT_NAME = "$(TARGET_NAME)";
				SWIFT_EMIT_LOC_STRINGS = NO;
				SWIFT_VERSION = 5.0;
				TEST_TARGET_NAME = SimpleCompo;
			};
			name = Debug;
		};
		AA5B2CDE2BACDDA700D73C74 /* Release */ = {
			isa = XCBuildConfiguration;
			buildSettings = {
				ALWAYS_EMBED_SWIFT_STANDARD_LIBRARIES = YES;
				CODE_SIGN_STYLE = Automatic;
				CURRENT_PROJECT_VERSION = 1;
				GENERATE_INFOPLIST_FILE = YES;
				MARKETING_VERSION = 1.0;
				PRODUCT_BUNDLE_IDENTIFIER = yes.SimpleCompoUITests;
				PRODUCT_NAME = "$(TARGET_NAME)";
				SWIFT_EMIT_LOC_STRINGS = NO;
				SWIFT_VERSION = 5.0;
				TEST_TARGET_NAME = SimpleCompo;
			};
			name = Release;
		};
/* End XCBuildConfiguration section */

/* Begin XCConfigurationList section */
		AA5B2CAC2BACDDA400D73C74 /* Build configuration list for PBXProject "SimpleCompo" */ = {
			isa = XCConfigurationList;
			buildConfigurations = (
				AA5B2CD42BACDDA700D73C74 /* Debug */,
				AA5B2CD52BACDDA700D73C74 /* Release */,
			);
			defaultConfigurationIsVisible = 0;
			defaultConfigurationName = Release;
		};
		AA5B2CD62BACDDA700D73C74 /* Build configuration list for PBXNativeTarget "SimpleCompo" */ = {
			isa = XCConfigurationList;
			buildConfigurations = (
				AA5B2CD72BACDDA700D73C74 /* Debug */,
				AA5B2CD82BACDDA700D73C74 /* Release */,
			);
			defaultConfigurationIsVisible = 0;
			defaultConfigurationName = Release;
		};
		AA5B2CD92BACDDA700D73C74 /* Build configuration list for PBXNativeTarget "SimpleCompoTests" */ = {
			isa = XCConfigurationList;
			buildConfigurations = (
				AA5B2CDA2BACDDA700D73C74 /* Debug */,
				AA5B2CDB2BACDDA700D73C74 /* Release */,
			);
			defaultConfigurationIsVisible = 0;
			defaultConfigurationName = Release;
		};
		AA5B2CDC2BACDDA700D73C74 /* Build configuration list for PBXNativeTarget "SimpleCompoUITests" */ = {
			isa = XCConfigurationList;
			buildConfigurations = (
				AA5B2CDD2BACDDA700D73C74 /* Debug */,
				AA5B2CDE2BACDDA700D73C74 /* Release */,
			);
			defaultConfigurationIsVisible = 0;
			defaultConfigurationName = Release;
		};
/* End XCConfigurationList section */
	};
	rootObject = AA5B2CA92BACDDA400D73C74 /* Project object */;
}
